
Microsoft Visual Studio Solution File, Format Version 12.00
# Visual Studio 15
VisualStudioVersion = 15.0.26124.0
MinimumVisualStudioVersion = 15.0.26124.0
Project("{FAE04EC0-301F-11D3-BF4B-00C04F79EFBC}") = "ProAgil.API", "ProAgil.API\ProAgil.API.csproj", "{B49EDA67-DE00-4AE3-A0CE-1606009F3244}"
EndProject
Project("{FAE04EC0-301F-11D3-BF4B-00C04F79EFBC}") = "ProAgil.Domain", "ProAgil.Domain\ProAgil.Domain.csproj", "{1193D625-EF95-4729-B259-6A7C5A9249BF}"
EndProject
Project("{FAE04EC0-301F-11D3-BF4B-00C04F79EFBC}") = "ProAgil.Repository", "ProAgil.Repository\ProAgil.Repository.csproj", "{EE6F6232-F7EA-4EE7-84AE-5251B8414EB3}"
EndProject
Global
	GlobalSection(SolutionConfigurationPlatforms) = preSolution
		Debug|Any CPU = Debug|Any CPU
		Debug|x64 = Debug|x64
		Debug|x86 = Debug|x86
		Release|Any CPU = Release|Any CPU
		Release|x64 = Release|x64
		Release|x86 = Release|x86
	EndGlobalSection
	GlobalSection(SolutionProperties) = preSolution
		HideSolutionNode = FALSE
	EndGlobalSection
	GlobalSection(ProjectConfigurationPlatforms) = postSolution
		{B49EDA67-DE00-4AE3-A0CE-1606009F3244}.Debug|Any CPU.ActiveCfg = Debug|Any CPU
		{B49EDA67-DE00-4AE3-A0CE-1606009F3244}.Debug|Any CPU.Build.0 = Debug|Any CPU
		{B49EDA67-DE00-4AE3-A0CE-1606009F3244}.Debug|x64.ActiveCfg = Debug|Any CPU
		{B49EDA67-DE00-4AE3-A0CE-1606009F3244}.Debug|x64.Build.0 = Debug|Any CPU
		{B49EDA67-DE00-4AE3-A0CE-1606009F3244}.Debug|x86.ActiveCfg = Debug|Any CPU
		{B49EDA67-DE00-4AE3-A0CE-1606009F3244}.Debug|x86.Build.0 = Debug|Any CPU
		{B49EDA67-DE00-4AE3-A0CE-1606009F3244}.Release|Any CPU.ActiveCfg = Release|Any CPU
		{B49EDA67-DE00-4AE3-A0CE-1606009F3244}.Release|Any CPU.Build.0 = Release|Any CPU
		{B49EDA67-DE00-4AE3-A0CE-1606009F3244}.Release|x64.ActiveCfg = Release|Any CPU
		{B49EDA67-DE00-4AE3-A0CE-1606009F3244}.Release|x64.Build.0 = Release|Any CPU
		{B49EDA67-DE00-4AE3-A0CE-1606009F3244}.Release|x86.ActiveCfg = Release|Any CPU
		{B49EDA67-DE00-4AE3-A0CE-1606009F3244}.Release|x86.Build.0 = Release|Any CPU
		{1193D625-EF95-4729-B259-6A7C5A9249BF}.Debug|Any CPU.ActiveCfg = Debug|Any CPU
		{1193D625-EF95-4729-B259-6A7C5A9249BF}.Debug|Any CPU.Build.0 = Debug|Any CPU
		{1193D625-EF95-4729-B259-6A7C5A9249BF}.Debug|x64.ActiveCfg = Debug|Any CPU
		{1193D625-EF95-4729-B259-6A7C5A9249BF}.Debug|x64.Build.0 = Debug|Any CPU
		{1193D625-EF95-4729-B259-6A7C5A9249BF}.Debug|x86.ActiveCfg = Debug|Any CPU
		{1193D625-EF95-4729-B259-6A7C5A9249BF}.Debug|x86.Build.0 = Debug|Any CPU
		{1193D625-EF95-4729-B259-6A7C5A9249BF}.Release|Any CPU.ActiveCfg = Release|Any CPU
		{1193D625-EF95-4729-B259-6A7C5A9249BF}.Release|Any CPU.Build.0 = Release|Any CPU
		{1193D625-EF95-4729-B259-6A7C5A9249BF}.Release|x64.ActiveCfg = Release|Any CPU
		{1193D625-EF95-4729-B259-6A7C5A9249BF}.Release|x64.Build.0 = Release|Any CPU
		{1193D625-EF95-4729-B259-6A7C5A9249BF}.Release|x86.ActiveCfg = Release|Any CPU
		{1193D625-EF95-4729-B259-6A7C5A9249BF}.Release|x86.Build.0 = Release|Any CPU
		{EE6F6232-F7EA-4EE7-84AE-5251B8414EB3}.Debug|Any CPU.ActiveCfg = Debug|Any CPU
		{EE6F6232-F7EA-4EE7-84AE-5251B8414EB3}.Debug|Any CPU.Build.0 = Debug|Any CPU
		{EE6F6232-F7EA-4EE7-84AE-5251B8414EB3}.Debug|x64.ActiveCfg = Debug|Any CPU
		{EE6F6232-F7EA-4EE7-84AE-5251B8414EB3}.Debug|x64.Build.0 = Debug|Any CPU
		{EE6F6232-F7EA-4EE7-84AE-5251B8414EB3}.Debug|x86.ActiveCfg = Debug|Any CPU
		{EE6F6232-F7EA-4EE7-84AE-5251B8414EB3}.Debug|x86.Build.0 = Debug|Any CPU
		{EE6F6232-F7EA-4EE7-84AE-5251B8414EB3}.Release|Any CPU.ActiveCfg = Release|Any CPU
		{EE6F6232-F7EA-4EE7-84AE-5251B8414EB3}.Release|Any CPU.Build.0 = Release|Any CPU
		{EE6F6232-F7EA-4EE7-84AE-5251B8414EB3}.Release|x64.ActiveCfg = Release|Any CPU
		{EE6F6232-F7EA-4EE7-84AE-5251B8414EB3}.Release|x64.Build.0 = Release|Any CPU
		{EE6F6232-F7EA-4EE7-84AE-5251B8414EB3}.Release|x86.ActiveCfg = Release|Any CPU
		{EE6F6232-F7EA-4EE7-84AE-5251B8414EB3}.Release|x86.Build.0 = Release|Any CPU
	EndGlobalSection
EndGlobal
